
Microsoft Visual Studio Solution File, Format Version 12.00
# Visual Studio Version 16
VisualStudioVersion = 16.0.34407.143
MinimumVisualStudioVersion = 10.0.40219.1
Project("{FAE04EC0-301F-11D3-BF4B-00C04F79EFBC}") = "Bus Fare and Collection System", "Bus Fare and Collection System\Bus Fare and Collection System.csproj", "{61487FC3-B615-4AA9-B945-B21CCD0C74D4}"
EndProject
Global
	GlobalSection(SolutionConfigurationPlatforms) = preSolution
		Debug|Any CPU = Debug|Any CPU
		Release|Any CPU = Release|Any CPU
	EndGlobalSection
	GlobalSection(ProjectConfigurationPlatforms) = postSolution
		{61487FC3-B615-4AA9-B945-B21CCD0C74D4}.Debug|Any CPU.ActiveCfg = Debug|Any CPU
		{61487FC3-B615-4AA9-B945-B21CCD0C74D4}.Debug|Any CPU.Build.0 = Debug|Any CPU
		{61487FC3-B615-4AA9-B945-B21CCD0C74D4}.Release|Any CPU.ActiveCfg = Release|Any CPU
		{61487FC3-B615-4AA9-B945-B21CCD0C74D4}.Release|Any CPU.Build.0 = Release|Any CPU
	EndGlobalSection
	GlobalSection(SolutionProperties) = preSolution
		HideSolutionNode = FALSE
	EndGlobalSection
	GlobalSection(ExtensibilityGlobals) = postSolution
		SolutionGuid = {942EB99B-2D89-47A8-A2F9-A388B81C9196}
	EndGlobalSection
EndGlobal
